
Microsoft Visual Studio Solution File, Format Version 12.00
# Visual Studio Version 16
VisualStudioVersion = 16.0.31321.278
MinimumVisualStudioVersion = 10.0.40219.1
Project("{FAE04EC0-301F-11D3-BF4B-00C04F79EFBC}") = "Swaptemp", "Swaptemp\Swaptemp.csproj", "{0EE1AF2A-26C1-4DBD-ACE9-65E228AB4809}"
EndProject
Global
	GlobalSection(SolutionConfigurationPlatforms) = preSolution
		Debug|Any CPU = Debug|Any CPU
		Release|Any CPU = Release|Any CPU
	EndGlobalSection
	GlobalSection(ProjectConfigurationPlatforms) = postSolution
		{0EE1AF2A-26C1-4DBD-ACE9-65E228AB4809}.Debug|Any CPU.ActiveCfg = Debug|Any CPU
		{0EE1AF2A-26C1-4DBD-ACE9-65E228AB4809}.Debug|Any CPU.Build.0 = Debug|Any CPU
		{0EE1AF2A-26C1-4DBD-ACE9-65E228AB4809}.Release|Any CPU.ActiveCfg = Release|Any CPU
		{0EE1AF2A-26C1-4DBD-ACE9-65E228AB4809}.Release|Any CPU.Build.0 = Release|Any CPU
	EndGlobalSection
	GlobalSection(SolutionProperties) = preSolution
		HideSolutionNode = FALSE
	EndGlobalSection
	GlobalSection(ExtensibilityGlobals) = postSolution
		SolutionGuid = {27E68462-F39F-4D93-BB02-C14D476E2CF8}
	EndGlobalSection
EndGlobal
